{
    "_readme": [
        "This file locks the dependencies of your project to a known state",
        "Read more about it at https://getcomposer.org/doc/01-basic-usage.md#composer-lock-the-lock-file",
        "This file is @generated automatically"
    ],
    "hash": "0767426a1103e5290fbe8b9dc0665f7d",
    "content-hash": "d7c6228debe6cdf69f9b15b71515e789",
    "packages": [
        {
            "name": "hack-psr/psr7-http-message-hhi",
            "version": "v1.0.0",
            "source": {
                "type": "git",
                "url": "https://github.com/fredemmott/psr7-http-message-hhi.git",
                "reference": "6635714788172c17961a7c157168cc4d90a8884f"
            },
            "dist": {
                "type": "zip",
                "url": "https://api.github.com/repos/fredemmott/psr7-http-message-hhi/zipball/6635714788172c17961a7c157168cc4d90a8884f",
                "reference": "6635714788172c17961a7c157168cc4d90a8884f",
                "shasum": ""
            },
            "require": {
                "psr/http-message": "^1.0"
            },
            "type": "library",
            "notification-url": "https://packagist.org/downloads/",
            "license": [
                "MIT"
            ],
            "description": "Typechecker definitions for PSR-7",
            "homepage": "https://github.com/fredemmott/psr7-http-message-hhi",
            "keywords": [
                "hack",
                "hhi",
                "hhvm",
                "http-message",
                "psr",
                "psr-7",
                "psr7"
            ],
            "time": "2016-09-22 15:18:26"
        },
        {
            "name": "psr/http-message",
            "version": "1.0.1",
            "source": {
                "type": "git",
                "url": "https://github.com/php-fig/http-message.git",
                "reference": "f6561bf28d520154e4b0ec72be95418abe6d9363"
            },
            "dist": {
                "type": "zip",
                "url": "https://api.github.com/repos/php-fig/http-message/zipball/f6561bf28d520154e4b0ec72be95418abe6d9363",
                "reference": "f6561bf28d520154e4b0ec72be95418abe6d9363",
                "shasum": ""
            },
            "require": {
                "php": ">=5.3.0"
            },
            "type": "library",
            "extra": {
                "branch-alias": {
                    "dev-master": "1.0.x-dev"
                }
            },
            "autoload": {
                "psr-4": {
                    "Psr\\Http\\Message\\": "src/"
                }
            },
            "notification-url": "https://packagist.org/downloads/",
            "license": [
                "MIT"
            ],
            "authors": [
                {
                    "name": "PHP-FIG",
                    "homepage": "http://www.php-fig.org/"
                }
            ],
            "description": "Common interface for HTTP messages",
            "homepage": "https://github.com/php-fig/http-message",
            "keywords": [
                "http",
                "http-message",
                "psr",
                "psr-7",
                "request",
                "response"
            ],
            "time": "2016-08-06 14:39:51"
        }
    ],
    "packages-dev": [],
    "aliases": [],
    "minimum-stability": "stable",
    "stability-flags": [],
    "prefer-stable": false,
    "prefer-lowest": false,
    "platform": [],
    "platform-dev": []
}
